
Microsoft Visual Studio Solution File, Format Version 12.00
# Visual Studio Version 17
VisualStudioVersion = 17.8.34330.188
MinimumVisualStudioVersion = 10.0.40219.1
Project("{2150E333-8FDC-42A3-9474-1A3956D46DE8}") = "Presentation", "Presentation", "{19BDDF8A-A9DE-4A64-967F-4B40CBCB0179}"
EndProject
Project("{FAE04EC0-301F-11D3-BF4B-00C04F79EFBC}") = "VirtualMuseum.Api", "VirtualMuseum.Api\VirtualMuseum.Api.csproj", "{FC35E0CA-5C05-4A10-A446-BDEEA51B07E6}"
EndProject
Global
	GlobalSection(SolutionConfigurationPlatforms) = preSolution
		Debug|Any CPU = Debug|Any CPU
		Release|Any CPU = Release|Any CPU
	EndGlobalSection
	GlobalSection(ProjectConfigurationPlatforms) = postSolution
		{FC35E0CA-5C05-4A10-A446-BDEEA51B07E6}.Debug|Any CPU.ActiveCfg = Debug|Any CPU
		{FC35E0CA-5C05-4A10-A446-BDEEA51B07E6}.Debug|Any CPU.Build.0 = Debug|Any CPU
		{FC35E0CA-5C05-4A10-A446-BDEEA51B07E6}.Release|Any CPU.ActiveCfg = Release|Any CPU
		{FC35E0CA-5C05-4A10-A446-BDEEA51B07E6}.Release|Any CPU.Build.0 = Release|Any CPU
	EndGlobalSection
	GlobalSection(SolutionProperties) = preSolution
		HideSolutionNode = FALSE
	EndGlobalSection
	GlobalSection(NestedProjects) = preSolution
		{FC35E0CA-5C05-4A10-A446-BDEEA51B07E6} = {19BDDF8A-A9DE-4A64-967F-4B40CBCB0179}
	EndGlobalSection
	GlobalSection(ExtensibilityGlobals) = postSolution
		SolutionGuid = {59F28F0F-1ECD-481B-9AE8-38583161F8EE}
	EndGlobalSection
EndGlobal
